{
  "name": "song",
  "version": "1.0.0",
  "lockfileVersion": 3,
  "requires": true,
  "packages": {
    "": {
      "name": "song",
      "version": "1.0.0",
      "license": "ISC",
      "devDependencies": {
        "bun-types": "^0.6.9"
      }
    },
    "node_modules/bun-types": {
      "version": "0.6.9",
      "dev": true
    }
  }
}
